
Microsoft Visual Studio Solution File, Format Version 12.00
# Visual Studio Version 17
VisualStudioVersion = 17.2.32630.192
MinimumVisualStudioVersion = 10.0.40219.1
Project("{9A19103F-16F7-4668-BE54-9A1E7A4F7556}") = "R5T.L0041", "R5T.L0041\R5T.L0041.csproj", "{1944615C-B910-4E1B-88CB-A30DBD7E3D4D}"
EndProject
Project("{2150E333-8FDC-42A3-9474-1A3956D46DE8}") = "_Dependencies", "_Dependencies", "{75BA7E48-6D79-4518-BBC3-EABBD5E98B20}"
EndProject
Project("{9A19103F-16F7-4668-BE54-9A1E7A4F7556}") = "R5T.T0137", "..\..\R5T.T0137\source\R5T.T0137\R5T.T0137.csproj", "{776AD225-3648-4194-A96B-C8DD868561BA}"
EndProject
Project("{9A19103F-16F7-4668-BE54-9A1E7A4F7556}") = "R5T.T0143", "..\..\R5T.T0143\source\R5T.T0143\R5T.T0143.csproj", "{77A6B079-2D2E-468E-A8F4-F333773F95D1}"
EndProject
Project("{9A19103F-16F7-4668-BE54-9A1E7A4F7556}") = "R5T.F0000", "..\..\R5T.F0000\source\R5T.F0000\R5T.F0000.csproj", "{6C0AF3F9-97A7-4832-A1A6-FBC9F046CA58}"
EndProject
Project("{9A19103F-16F7-4668-BE54-9A1E7A4F7556}") = "R5T.F0024.T001", "..\..\R5T.F0024\source\R5T.F0024.T001\R5T.F0024.T001.csproj", "{77721ECB-9B0E-4C62-BCBF-EA78F20588EE}"
EndProject
Project("{9A19103F-16F7-4668-BE54-9A1E7A4F7556}") = "R5T.T0131", "..\..\R5T.T0131\source\R5T.T0131\R5T.T0131.csproj", "{468F1AF9-200A-4628-A33B-BA9DAD872B90}"
EndProject
Project("{9A19103F-16F7-4668-BE54-9A1E7A4F7556}") = "R5T.T0132", "..\..\R5T.T0132\source\R5T.T0132\R5T.T0132.csproj", "{625499CC-035D-45D0-8EB0-D028C061D550}"
EndProject
Project("{9A19103F-16F7-4668-BE54-9A1E7A4F7556}") = "R5T.T0142", "..\..\R5T.T0142\source\R5T.T0142\R5T.T0142.csproj", "{157BF3DE-4431-4035-927F-8649FFDC5CEA}"
EndProject
Project("{9A19103F-16F7-4668-BE54-9A1E7A4F7556}") = "R5T.T0150", "..\..\R5T.T0150\source\R5T.T0150\R5T.T0150.csproj", "{AF93194C-0C6D-4EE3-B7D9-C9F0625980FC}"
EndProject
Project("{9A19103F-16F7-4668-BE54-9A1E7A4F7556}") = "R5T.T0151", "..\..\R5T.T0151\source\R5T.T0151\R5T.T0151.csproj", "{7CC92729-DB8E-4CDC-A103-64F27B9B4674}"
EndProject
Project("{9A19103F-16F7-4668-BE54-9A1E7A4F7556}") = "R5T.T0156", "..\..\R5T.T0156\source\R5T.T0156\R5T.T0156.csproj", "{D7EDB99A-6041-4BCB-BAAE-E246ACA96DB4}"
EndProject
Project("{9A19103F-16F7-4668-BE54-9A1E7A4F7556}") = "R5T.T0172", "..\..\R5T.T0172\source\R5T.T0172\R5T.T0172.csproj", "{11E4A8A9-2E78-4102-9ACC-5AD01DD656EF}"
EndProject
Project("{9A19103F-16F7-4668-BE54-9A1E7A4F7556}") = "R5T.T0178", "..\..\R5T.T0178\source\R5T.T0178\R5T.T0178.csproj", "{F9806267-B8B8-41EB-9AB7-4780491F22A9}"
EndProject
Project("{9A19103F-16F7-4668-BE54-9A1E7A4F7556}") = "R5T.T0179", "..\..\R5T.T0179\source\R5T.T0179\R5T.T0179.csproj", "{3CE9B9AD-ABFD-4A5E-85BD-3678DFA78F37}"
EndProject
Project("{9A19103F-16F7-4668-BE54-9A1E7A4F7556}") = "R5T.T0180", "..\..\R5T.T0180\source\R5T.T0180\R5T.T0180.csproj", "{6BE7418F-B924-4DF4-BA0D-5302FA33D452}"
EndProject
Project("{9A19103F-16F7-4668-BE54-9A1E7A4F7556}") = "R5T.T0181", "..\..\R5T.T0181\source\R5T.T0181\R5T.T0181.csproj", "{3ACEA339-FE41-416E-AB91-2A99F63EEA04}"
EndProject
Project("{9A19103F-16F7-4668-BE54-9A1E7A4F7556}") = "R5T.Y0000", "..\..\R5T.Y0000\source\R5T.Y0000\R5T.Y0000.csproj", "{58E9FE1C-74C5-4A23-A8A2-03AEC6A6DDB5}"
EndProject
Project("{9A19103F-16F7-4668-BE54-9A1E7A4F7556}") = "R5T.Z0000", "..\..\R5T.Z0000\source\R5T.Z0000\R5T.Z0000.csproj", "{6915A0B4-6C1C-436D-AE7D-5D58BF7F1823}"
EndProject
Global
	GlobalSection(NestedProjects) = preSolution
		{776AD225-3648-4194-A96B-C8DD868561BA} = {75BA7E48-6D79-4518-BBC3-EABBD5E98B20}
		{77A6B079-2D2E-468E-A8F4-F333773F95D1} = {75BA7E48-6D79-4518-BBC3-EABBD5E98B20}
		{6C0AF3F9-97A7-4832-A1A6-FBC9F046CA58} = {75BA7E48-6D79-4518-BBC3-EABBD5E98B20}
		{77721ECB-9B0E-4C62-BCBF-EA78F20588EE} = {75BA7E48-6D79-4518-BBC3-EABBD5E98B20}
		{468F1AF9-200A-4628-A33B-BA9DAD872B90} = {75BA7E48-6D79-4518-BBC3-EABBD5E98B20}
		{625499CC-035D-45D0-8EB0-D028C061D550} = {75BA7E48-6D79-4518-BBC3-EABBD5E98B20}
		{157BF3DE-4431-4035-927F-8649FFDC5CEA} = {75BA7E48-6D79-4518-BBC3-EABBD5E98B20}
		{AF93194C-0C6D-4EE3-B7D9-C9F0625980FC} = {75BA7E48-6D79-4518-BBC3-EABBD5E98B20}
		{7CC92729-DB8E-4CDC-A103-64F27B9B4674} = {75BA7E48-6D79-4518-BBC3-EABBD5E98B20}
		{D7EDB99A-6041-4BCB-BAAE-E246ACA96DB4} = {75BA7E48-6D79-4518-BBC3-EABBD5E98B20}
		{11E4A8A9-2E78-4102-9ACC-5AD01DD656EF} = {75BA7E48-6D79-4518-BBC3-EABBD5E98B20}
		{F9806267-B8B8-41EB-9AB7-4780491F22A9} = {75BA7E48-6D79-4518-BBC3-EABBD5E98B20}
		{3CE9B9AD-ABFD-4A5E-85BD-3678DFA78F37} = {75BA7E48-6D79-4518-BBC3-EABBD5E98B20}
		{6BE7418F-B924-4DF4-BA0D-5302FA33D452} = {75BA7E48-6D79-4518-BBC3-EABBD5E98B20}
		{3ACEA339-FE41-416E-AB91-2A99F63EEA04} = {75BA7E48-6D79-4518-BBC3-EABBD5E98B20}
		{58E9FE1C-74C5-4A23-A8A2-03AEC6A6DDB5} = {75BA7E48-6D79-4518-BBC3-EABBD5E98B20}
		{6915A0B4-6C1C-436D-AE7D-5D58BF7F1823} = {75BA7E48-6D79-4518-BBC3-EABBD5E98B20}
	EndGlobalSection
	GlobalSection(SolutionConfigurationPlatforms) = preSolution
		Debug|Any CPU = Debug|Any CPU
		Release|Any CPU = Release|Any CPU
	EndGlobalSection
	GlobalSection(ProjectConfigurationPlatforms) = postSolution
		{1944615C-B910-4E1B-88CB-A30DBD7E3D4D}.Debug|Any CPU.ActiveCfg = Debug|Any CPU
		{1944615C-B910-4E1B-88CB-A30DBD7E3D4D}.Debug|Any CPU.Build.0 = Debug|Any CPU
		{1944615C-B910-4E1B-88CB-A30DBD7E3D4D}.Release|Any CPU.ActiveCfg = Release|Any CPU
		{1944615C-B910-4E1B-88CB-A30DBD7E3D4D}.Release|Any CPU.Build.0 = Release|Any CPU
		{776AD225-3648-4194-A96B-C8DD868561BA}.Debug|Any CPU.ActiveCfg = Debug|Any CPU
		{776AD225-3648-4194-A96B-C8DD868561BA}.Debug|Any CPU.Build.0 = Debug|Any CPU
		{776AD225-3648-4194-A96B-C8DD868561BA}.Release|Any CPU.ActiveCfg = Release|Any CPU
		{776AD225-3648-4194-A96B-C8DD868561BA}.Release|Any CPU.Build.0 = Release|Any CPU
		{77A6B079-2D2E-468E-A8F4-F333773F95D1}.Debug|Any CPU.ActiveCfg = Debug|Any CPU
		{77A6B079-2D2E-468E-A8F4-F333773F95D1}.Debug|Any CPU.Build.0 = Debug|Any CPU
		{77A6B079-2D2E-468E-A8F4-F333773F95D1}.Release|Any CPU.ActiveCfg = Release|Any CPU
		{77A6B079-2D2E-468E-A8F4-F333773F95D1}.Release|Any CPU.Build.0 = Release|Any CPU
		{6C0AF3F9-97A7-4832-A1A6-FBC9F046CA58}.Debug|Any CPU.ActiveCfg = Debug|Any CPU
		{6C0AF3F9-97A7-4832-A1A6-FBC9F046CA58}.Debug|Any CPU.Build.0 = Debug|Any CPU
		{6C0AF3F9-97A7-4832-A1A6-FBC9F046CA58}.Release|Any CPU.ActiveCfg = Release|Any CPU
		{6C0AF3F9-97A7-4832-A1A6-FBC9F046CA58}.Release|Any CPU.Build.0 = Release|Any CPU
		{77721ECB-9B0E-4C62-BCBF-EA78F20588EE}.Debug|Any CPU.ActiveCfg = Debug|Any CPU
		{77721ECB-9B0E-4C62-BCBF-EA78F20588EE}.Debug|Any CPU.Build.0 = Debug|Any CPU
		{77721ECB-9B0E-4C62-BCBF-EA78F20588EE}.Release|Any CPU.ActiveCfg = Release|Any CPU
		{77721ECB-9B0E-4C62-BCBF-EA78F20588EE}.Release|Any CPU.Build.0 = Release|Any CPU
		{468F1AF9-200A-4628-A33B-BA9DAD872B90}.Debug|Any CPU.ActiveCfg = Debug|Any CPU
		{468F1AF9-200A-4628-A33B-BA9DAD872B90}.Debug|Any CPU.Build.0 = Debug|Any CPU
		{468F1AF9-200A-4628-A33B-BA9DAD872B90}.Release|Any CPU.ActiveCfg = Release|Any CPU
		{468F1AF9-200A-4628-A33B-BA9DAD872B90}.Release|Any CPU.Build.0 = Release|Any CPU
		{625499CC-035D-45D0-8EB0-D028C061D550}.Debug|Any CPU.ActiveCfg = Debug|Any CPU
		{625499CC-035D-45D0-8EB0-D028C061D550}.Debug|Any CPU.Build.0 = Debug|Any CPU
		{625499CC-035D-45D0-8EB0-D028C061D550}.Release|Any CPU.ActiveCfg = Release|Any CPU
		{625499CC-035D-45D0-8EB0-D028C061D550}.Release|Any CPU.Build.0 = Release|Any CPU
		{157BF3DE-4431-4035-927F-8649FFDC5CEA}.Debug|Any CPU.ActiveCfg = Debug|Any CPU
		{157BF3DE-4431-4035-927F-8649FFDC5CEA}.Debug|Any CPU.Build.0 = Debug|Any CPU
		{157BF3DE-4431-4035-927F-8649FFDC5CEA}.Release|Any CPU.ActiveCfg = Release|Any CPU
		{157BF3DE-4431-4035-927F-8649FFDC5CEA}.Release|Any CPU.Build.0 = Release|Any CPU
		{AF93194C-0C6D-4EE3-B7D9-C9F0625980FC}.Debug|Any CPU.ActiveCfg = Debug|Any CPU
		{AF93194C-0C6D-4EE3-B7D9-C9F0625980FC}.Debug|Any CPU.Build.0 = Debug|Any CPU
		{AF93194C-0C6D-4EE3-B7D9-C9F0625980FC}.Release|Any CPU.ActiveCfg = Release|Any CPU
		{AF93194C-0C6D-4EE3-B7D9-C9F0625980FC}.Release|Any CPU.Build.0 = Release|Any CPU
		{7CC92729-DB8E-4CDC-A103-64F27B9B4674}.Debug|Any CPU.ActiveCfg = Debug|Any CPU
		{7CC92729-DB8E-4CDC-A103-64F27B9B4674}.Debug|Any CPU.Build.0 = Debug|Any CPU
		{7CC92729-DB8E-4CDC-A103-64F27B9B4674}.Release|Any CPU.ActiveCfg = Release|Any CPU
		{7CC92729-DB8E-4CDC-A103-64F27B9B4674}.Release|Any CPU.Build.0 = Release|Any CPU
		{D7EDB99A-6041-4BCB-BAAE-E246ACA96DB4}.Debug|Any CPU.ActiveCfg = Debug|Any CPU
		{D7EDB99A-6041-4BCB-BAAE-E246ACA96DB4}.Debug|Any CPU.Build.0 = Debug|Any CPU
		{D7EDB99A-6041-4BCB-BAAE-E246ACA96DB4}.Release|Any CPU.ActiveCfg = Release|Any CPU
		{D7EDB99A-6041-4BCB-BAAE-E246ACA96DB4}.Release|Any CPU.Build.0 = Release|Any CPU
		{11E4A8A9-2E78-4102-9ACC-5AD01DD656EF}.Debug|Any CPU.ActiveCfg = Debug|Any CPU
		{11E4A8A9-2E78-4102-9ACC-5AD01DD656EF}.Debug|Any CPU.Build.0 = Debug|Any CPU
		{11E4A8A9-2E78-4102-9ACC-5AD01DD656EF}.Release|Any CPU.ActiveCfg = Release|Any CPU
		{11E4A8A9-2E78-4102-9ACC-5AD01DD656EF}.Release|Any CPU.Build.0 = Release|Any CPU
		{F9806267-B8B8-41EB-9AB7-4780491F22A9}.Debug|Any CPU.ActiveCfg = Debug|Any CPU
		{F9806267-B8B8-41EB-9AB7-4780491F22A9}.Debug|Any CPU.Build.0 = Debug|Any CPU
		{F9806267-B8B8-41EB-9AB7-4780491F22A9}.Release|Any CPU.ActiveCfg = Release|Any CPU
		{F9806267-B8B8-41EB-9AB7-4780491F22A9}.Release|Any CPU.Build.0 = Release|Any CPU
		{3CE9B9AD-ABFD-4A5E-85BD-3678DFA78F37}.Debug|Any CPU.ActiveCfg = Debug|Any CPU
		{3CE9B9AD-ABFD-4A5E-85BD-3678DFA78F37}.Debug|Any CPU.Build.0 = Debug|Any CPU
		{3CE9B9AD-ABFD-4A5E-85BD-3678DFA78F37}.Release|Any CPU.ActiveCfg = Release|Any CPU
		{3CE9B9AD-ABFD-4A5E-85BD-3678DFA78F37}.Release|Any CPU.Build.0 = Release|Any CPU
		{6BE7418F-B924-4DF4-BA0D-5302FA33D452}.Debug|Any CPU.ActiveCfg = Debug|Any CPU
		{6BE7418F-B924-4DF4-BA0D-5302FA33D452}.Debug|Any CPU.Build.0 = Debug|Any CPU
		{6BE7418F-B924-4DF4-BA0D-5302FA33D452}.Release|Any CPU.ActiveCfg = Release|Any CPU
		{6BE7418F-B924-4DF4-BA0D-5302FA33D452}.Release|Any CPU.Build.0 = Release|Any CPU
		{3ACEA339-FE41-416E-AB91-2A99F63EEA04}.Debug|Any CPU.ActiveCfg = Debug|Any CPU
		{3ACEA339-FE41-416E-AB91-2A99F63EEA04}.Debug|Any CPU.Build.0 = Debug|Any CPU
		{3ACEA339-FE41-416E-AB91-2A99F63EEA04}.Release|Any CPU.ActiveCfg = Release|Any CPU
		{3ACEA339-FE41-416E-AB91-2A99F63EEA04}.Release|Any CPU.Build.0 = Release|Any CPU
		{58E9FE1C-74C5-4A23-A8A2-03AEC6A6DDB5}.Debug|Any CPU.ActiveCfg = Debug|Any CPU
		{58E9FE1C-74C5-4A23-A8A2-03AEC6A6DDB5}.Debug|Any CPU.Build.0 = Debug|Any CPU
		{58E9FE1C-74C5-4A23-A8A2-03AEC6A6DDB5}.Release|Any CPU.ActiveCfg = Release|Any CPU
		{58E9FE1C-74C5-4A23-A8A2-03AEC6A6DDB5}.Release|Any CPU.Build.0 = Release|Any CPU
		{6915A0B4-6C1C-436D-AE7D-5D58BF7F1823}.Debug|Any CPU.ActiveCfg = Debug|Any CPU
		{6915A0B4-6C1C-436D-AE7D-5D58BF7F1823}.Debug|Any CPU.Build.0 = Debug|Any CPU
		{6915A0B4-6C1C-436D-AE7D-5D58BF7F1823}.Release|Any CPU.ActiveCfg = Release|Any CPU
		{6915A0B4-6C1C-436D-AE7D-5D58BF7F1823}.Release|Any CPU.Build.0 = Release|Any CPU
	EndGlobalSection
	GlobalSection(SolutionProperties) = preSolution
		HideSolutionNode = FALSE
	EndGlobalSection
	GlobalSection(ExtensibilityGlobals) = postSolution
		SolutionGuid = {77E799C2-8D38-4EA0-A6BA-18B4317C359E}
	EndGlobalSection
EndGlobal
