
Microsoft Visual Studio Solution File, Format Version 12.00
# Visual Studio Version 17
VisualStudioVersion = 17.2.32630.192
MinimumVisualStudioVersion = 10.0.40219.1
Project("{9A19103F-16F7-4668-BE54-9A1E7A4F7556}") = "R5T.L0041.Construction", "R5T.L0041.Construction\R5T.L0041.Construction.csproj", "{095F1A02-04B8-4385-B1F1-8D57ED40E8B5}"
EndProject
Project("{9A19103F-16F7-4668-BE54-9A1E7A4F7556}") = "R5T.L0041", "R5T.L0041\R5T.L0041.csproj", "{360912F0-82C7-4181-916D-0F2DA14DFF99}"
EndProject
Project("{2150E333-8FDC-42A3-9474-1A3956D46DE8}") = "_Dependencies", "_Dependencies", "{9BA5D0E5-4671-47D9-88EF-18F0273EC09F}"
EndProject
Project("{9A19103F-16F7-4668-BE54-9A1E7A4F7556}") = "R5T.T0137", "..\..\R5T.T0137\source\R5T.T0137\R5T.T0137.csproj", "{4C8973FF-6A38-4BF1-9A80-0A928CB69BF8}"
EndProject
Project("{9A19103F-16F7-4668-BE54-9A1E7A4F7556}") = "R5T.T0143", "..\..\R5T.T0143\source\R5T.T0143\R5T.T0143.csproj", "{096BF62B-A439-4559-A9D7-40841F110D32}"
EndProject
Project("{9A19103F-16F7-4668-BE54-9A1E7A4F7556}") = "R5T.F0000", "..\..\R5T.F0000\source\R5T.F0000\R5T.F0000.csproj", "{0A99B7B3-8D07-4A73-8351-C1DD1C48F7EA}"
EndProject
Project("{9A19103F-16F7-4668-BE54-9A1E7A4F7556}") = "R5T.F0024.T001", "..\..\R5T.F0024\source\R5T.F0024.T001\R5T.F0024.T001.csproj", "{CA33E6A3-774E-4DE6-9CA1-0EAD6DDA1CE5}"
EndProject
Project("{9A19103F-16F7-4668-BE54-9A1E7A4F7556}") = "R5T.T0131", "..\..\R5T.T0131\source\R5T.T0131\R5T.T0131.csproj", "{15E102A4-C028-45B8-BB66-57A90D1CF344}"
EndProject
Project("{9A19103F-16F7-4668-BE54-9A1E7A4F7556}") = "R5T.T0132", "..\..\R5T.T0132\source\R5T.T0132\R5T.T0132.csproj", "{1340D0B5-6957-4839-B7AD-E3F4D628B9D1}"
EndProject
Project("{9A19103F-16F7-4668-BE54-9A1E7A4F7556}") = "R5T.T0142", "..\..\R5T.T0142\source\R5T.T0142\R5T.T0142.csproj", "{8FF36BCF-781F-4342-953D-B994A64588C9}"
EndProject
Project("{9A19103F-16F7-4668-BE54-9A1E7A4F7556}") = "R5T.T0150", "..\..\R5T.T0150\source\R5T.T0150\R5T.T0150.csproj", "{B9BF33AD-2CB4-4460-9504-2BDE16006387}"
EndProject
Project("{9A19103F-16F7-4668-BE54-9A1E7A4F7556}") = "R5T.T0151", "..\..\R5T.T0151\source\R5T.T0151\R5T.T0151.csproj", "{D4F8B862-5336-4929-A419-460B753BEDCF}"
EndProject
Project("{9A19103F-16F7-4668-BE54-9A1E7A4F7556}") = "R5T.T0156", "..\..\R5T.T0156\source\R5T.T0156\R5T.T0156.csproj", "{5A641350-5D03-4CEA-8834-D4D3F7A78B1F}"
EndProject
Project("{9A19103F-16F7-4668-BE54-9A1E7A4F7556}") = "R5T.T0172", "..\..\R5T.T0172\source\R5T.T0172\R5T.T0172.csproj", "{45463D19-693C-4D3C-A764-85120921FDF6}"
EndProject
Project("{9A19103F-16F7-4668-BE54-9A1E7A4F7556}") = "R5T.T0178", "..\..\R5T.T0178\source\R5T.T0178\R5T.T0178.csproj", "{19F66D33-089E-4090-8C40-CEC506435BA8}"
EndProject
Project("{9A19103F-16F7-4668-BE54-9A1E7A4F7556}") = "R5T.T0179", "..\..\R5T.T0179\source\R5T.T0179\R5T.T0179.csproj", "{5A85521F-607B-4501-815A-8CEE96A5C408}"
EndProject
Project("{9A19103F-16F7-4668-BE54-9A1E7A4F7556}") = "R5T.T0180", "..\..\R5T.T0180\source\R5T.T0180\R5T.T0180.csproj", "{1E28898E-5E8C-4CAC-852D-6471960ED727}"
EndProject
Project("{9A19103F-16F7-4668-BE54-9A1E7A4F7556}") = "R5T.T0181", "..\..\R5T.T0181\source\R5T.T0181\R5T.T0181.csproj", "{C06ECA45-2E66-4449-AA0D-53B4D84C232F}"
EndProject
Project("{9A19103F-16F7-4668-BE54-9A1E7A4F7556}") = "R5T.Y0000", "..\..\R5T.Y0000\source\R5T.Y0000\R5T.Y0000.csproj", "{B5036916-8CF3-45AD-8E88-1E1BA69F8331}"
EndProject
Project("{9A19103F-16F7-4668-BE54-9A1E7A4F7556}") = "R5T.Z0000", "..\..\R5T.Z0000\source\R5T.Z0000\R5T.Z0000.csproj", "{C941EC53-7509-47B0-917B-61F7FF0B1B95}"
EndProject
Global
	GlobalSection(NestedProjects) = preSolution
		{4C8973FF-6A38-4BF1-9A80-0A928CB69BF8} = {9BA5D0E5-4671-47D9-88EF-18F0273EC09F}
		{096BF62B-A439-4559-A9D7-40841F110D32} = {9BA5D0E5-4671-47D9-88EF-18F0273EC09F}
		{0A99B7B3-8D07-4A73-8351-C1DD1C48F7EA} = {9BA5D0E5-4671-47D9-88EF-18F0273EC09F}
		{CA33E6A3-774E-4DE6-9CA1-0EAD6DDA1CE5} = {9BA5D0E5-4671-47D9-88EF-18F0273EC09F}
		{15E102A4-C028-45B8-BB66-57A90D1CF344} = {9BA5D0E5-4671-47D9-88EF-18F0273EC09F}
		{1340D0B5-6957-4839-B7AD-E3F4D628B9D1} = {9BA5D0E5-4671-47D9-88EF-18F0273EC09F}
		{8FF36BCF-781F-4342-953D-B994A64588C9} = {9BA5D0E5-4671-47D9-88EF-18F0273EC09F}
		{B9BF33AD-2CB4-4460-9504-2BDE16006387} = {9BA5D0E5-4671-47D9-88EF-18F0273EC09F}
		{D4F8B862-5336-4929-A419-460B753BEDCF} = {9BA5D0E5-4671-47D9-88EF-18F0273EC09F}
		{5A641350-5D03-4CEA-8834-D4D3F7A78B1F} = {9BA5D0E5-4671-47D9-88EF-18F0273EC09F}
		{45463D19-693C-4D3C-A764-85120921FDF6} = {9BA5D0E5-4671-47D9-88EF-18F0273EC09F}
		{19F66D33-089E-4090-8C40-CEC506435BA8} = {9BA5D0E5-4671-47D9-88EF-18F0273EC09F}
		{5A85521F-607B-4501-815A-8CEE96A5C408} = {9BA5D0E5-4671-47D9-88EF-18F0273EC09F}
		{1E28898E-5E8C-4CAC-852D-6471960ED727} = {9BA5D0E5-4671-47D9-88EF-18F0273EC09F}
		{C06ECA45-2E66-4449-AA0D-53B4D84C232F} = {9BA5D0E5-4671-47D9-88EF-18F0273EC09F}
		{B5036916-8CF3-45AD-8E88-1E1BA69F8331} = {9BA5D0E5-4671-47D9-88EF-18F0273EC09F}
		{C941EC53-7509-47B0-917B-61F7FF0B1B95} = {9BA5D0E5-4671-47D9-88EF-18F0273EC09F}
	EndGlobalSection
	GlobalSection(SolutionConfigurationPlatforms) = preSolution
		Debug|Any CPU = Debug|Any CPU
		Release|Any CPU = Release|Any CPU
	EndGlobalSection
	GlobalSection(ProjectConfigurationPlatforms) = postSolution
		{095F1A02-04B8-4385-B1F1-8D57ED40E8B5}.Debug|Any CPU.ActiveCfg = Debug|Any CPU
		{095F1A02-04B8-4385-B1F1-8D57ED40E8B5}.Debug|Any CPU.Build.0 = Debug|Any CPU
		{095F1A02-04B8-4385-B1F1-8D57ED40E8B5}.Release|Any CPU.ActiveCfg = Release|Any CPU
		{095F1A02-04B8-4385-B1F1-8D57ED40E8B5}.Release|Any CPU.Build.0 = Release|Any CPU
		{360912F0-82C7-4181-916D-0F2DA14DFF99}.Debug|Any CPU.ActiveCfg = Debug|Any CPU
		{360912F0-82C7-4181-916D-0F2DA14DFF99}.Debug|Any CPU.Build.0 = Debug|Any CPU
		{360912F0-82C7-4181-916D-0F2DA14DFF99}.Release|Any CPU.ActiveCfg = Release|Any CPU
		{360912F0-82C7-4181-916D-0F2DA14DFF99}.Release|Any CPU.Build.0 = Release|Any CPU
		{4C8973FF-6A38-4BF1-9A80-0A928CB69BF8}.Debug|Any CPU.ActiveCfg = Debug|Any CPU
		{4C8973FF-6A38-4BF1-9A80-0A928CB69BF8}.Debug|Any CPU.Build.0 = Debug|Any CPU
		{4C8973FF-6A38-4BF1-9A80-0A928CB69BF8}.Release|Any CPU.ActiveCfg = Release|Any CPU
		{4C8973FF-6A38-4BF1-9A80-0A928CB69BF8}.Release|Any CPU.Build.0 = Release|Any CPU
		{096BF62B-A439-4559-A9D7-40841F110D32}.Debug|Any CPU.ActiveCfg = Debug|Any CPU
		{096BF62B-A439-4559-A9D7-40841F110D32}.Debug|Any CPU.Build.0 = Debug|Any CPU
		{096BF62B-A439-4559-A9D7-40841F110D32}.Release|Any CPU.ActiveCfg = Release|Any CPU
		{096BF62B-A439-4559-A9D7-40841F110D32}.Release|Any CPU.Build.0 = Release|Any CPU
		{0A99B7B3-8D07-4A73-8351-C1DD1C48F7EA}.Debug|Any CPU.ActiveCfg = Debug|Any CPU
		{0A99B7B3-8D07-4A73-8351-C1DD1C48F7EA}.Debug|Any CPU.Build.0 = Debug|Any CPU
		{0A99B7B3-8D07-4A73-8351-C1DD1C48F7EA}.Release|Any CPU.ActiveCfg = Release|Any CPU
		{0A99B7B3-8D07-4A73-8351-C1DD1C48F7EA}.Release|Any CPU.Build.0 = Release|Any CPU
		{CA33E6A3-774E-4DE6-9CA1-0EAD6DDA1CE5}.Debug|Any CPU.ActiveCfg = Debug|Any CPU
		{CA33E6A3-774E-4DE6-9CA1-0EAD6DDA1CE5}.Debug|Any CPU.Build.0 = Debug|Any CPU
		{CA33E6A3-774E-4DE6-9CA1-0EAD6DDA1CE5}.Release|Any CPU.ActiveCfg = Release|Any CPU
		{CA33E6A3-774E-4DE6-9CA1-0EAD6DDA1CE5}.Release|Any CPU.Build.0 = Release|Any CPU
		{15E102A4-C028-45B8-BB66-57A90D1CF344}.Debug|Any CPU.ActiveCfg = Debug|Any CPU
		{15E102A4-C028-45B8-BB66-57A90D1CF344}.Debug|Any CPU.Build.0 = Debug|Any CPU
		{15E102A4-C028-45B8-BB66-57A90D1CF344}.Release|Any CPU.ActiveCfg = Release|Any CPU
		{15E102A4-C028-45B8-BB66-57A90D1CF344}.Release|Any CPU.Build.0 = Release|Any CPU
		{1340D0B5-6957-4839-B7AD-E3F4D628B9D1}.Debug|Any CPU.ActiveCfg = Debug|Any CPU
		{1340D0B5-6957-4839-B7AD-E3F4D628B9D1}.Debug|Any CPU.Build.0 = Debug|Any CPU
		{1340D0B5-6957-4839-B7AD-E3F4D628B9D1}.Release|Any CPU.ActiveCfg = Release|Any CPU
		{1340D0B5-6957-4839-B7AD-E3F4D628B9D1}.Release|Any CPU.Build.0 = Release|Any CPU
		{8FF36BCF-781F-4342-953D-B994A64588C9}.Debug|Any CPU.ActiveCfg = Debug|Any CPU
		{8FF36BCF-781F-4342-953D-B994A64588C9}.Debug|Any CPU.Build.0 = Debug|Any CPU
		{8FF36BCF-781F-4342-953D-B994A64588C9}.Release|Any CPU.ActiveCfg = Release|Any CPU
		{8FF36BCF-781F-4342-953D-B994A64588C9}.Release|Any CPU.Build.0 = Release|Any CPU
		{B9BF33AD-2CB4-4460-9504-2BDE16006387}.Debug|Any CPU.ActiveCfg = Debug|Any CPU
		{B9BF33AD-2CB4-4460-9504-2BDE16006387}.Debug|Any CPU.Build.0 = Debug|Any CPU
		{B9BF33AD-2CB4-4460-9504-2BDE16006387}.Release|Any CPU.ActiveCfg = Release|Any CPU
		{B9BF33AD-2CB4-4460-9504-2BDE16006387}.Release|Any CPU.Build.0 = Release|Any CPU
		{D4F8B862-5336-4929-A419-460B753BEDCF}.Debug|Any CPU.ActiveCfg = Debug|Any CPU
		{D4F8B862-5336-4929-A419-460B753BEDCF}.Debug|Any CPU.Build.0 = Debug|Any CPU
		{D4F8B862-5336-4929-A419-460B753BEDCF}.Release|Any CPU.ActiveCfg = Release|Any CPU
		{D4F8B862-5336-4929-A419-460B753BEDCF}.Release|Any CPU.Build.0 = Release|Any CPU
		{5A641350-5D03-4CEA-8834-D4D3F7A78B1F}.Debug|Any CPU.ActiveCfg = Debug|Any CPU
		{5A641350-5D03-4CEA-8834-D4D3F7A78B1F}.Debug|Any CPU.Build.0 = Debug|Any CPU
		{5A641350-5D03-4CEA-8834-D4D3F7A78B1F}.Release|Any CPU.ActiveCfg = Release|Any CPU
		{5A641350-5D03-4CEA-8834-D4D3F7A78B1F}.Release|Any CPU.Build.0 = Release|Any CPU
		{45463D19-693C-4D3C-A764-85120921FDF6}.Debug|Any CPU.ActiveCfg = Debug|Any CPU
		{45463D19-693C-4D3C-A764-85120921FDF6}.Debug|Any CPU.Build.0 = Debug|Any CPU
		{45463D19-693C-4D3C-A764-85120921FDF6}.Release|Any CPU.ActiveCfg = Release|Any CPU
		{45463D19-693C-4D3C-A764-85120921FDF6}.Release|Any CPU.Build.0 = Release|Any CPU
		{19F66D33-089E-4090-8C40-CEC506435BA8}.Debug|Any CPU.ActiveCfg = Debug|Any CPU
		{19F66D33-089E-4090-8C40-CEC506435BA8}.Debug|Any CPU.Build.0 = Debug|Any CPU
		{19F66D33-089E-4090-8C40-CEC506435BA8}.Release|Any CPU.ActiveCfg = Release|Any CPU
		{19F66D33-089E-4090-8C40-CEC506435BA8}.Release|Any CPU.Build.0 = Release|Any CPU
		{5A85521F-607B-4501-815A-8CEE96A5C408}.Debug|Any CPU.ActiveCfg = Debug|Any CPU
		{5A85521F-607B-4501-815A-8CEE96A5C408}.Debug|Any CPU.Build.0 = Debug|Any CPU
		{5A85521F-607B-4501-815A-8CEE96A5C408}.Release|Any CPU.ActiveCfg = Release|Any CPU
		{5A85521F-607B-4501-815A-8CEE96A5C408}.Release|Any CPU.Build.0 = Release|Any CPU
		{1E28898E-5E8C-4CAC-852D-6471960ED727}.Debug|Any CPU.ActiveCfg = Debug|Any CPU
		{1E28898E-5E8C-4CAC-852D-6471960ED727}.Debug|Any CPU.Build.0 = Debug|Any CPU
		{1E28898E-5E8C-4CAC-852D-6471960ED727}.Release|Any CPU.ActiveCfg = Release|Any CPU
		{1E28898E-5E8C-4CAC-852D-6471960ED727}.Release|Any CPU.Build.0 = Release|Any CPU
		{C06ECA45-2E66-4449-AA0D-53B4D84C232F}.Debug|Any CPU.ActiveCfg = Debug|Any CPU
		{C06ECA45-2E66-4449-AA0D-53B4D84C232F}.Debug|Any CPU.Build.0 = Debug|Any CPU
		{C06ECA45-2E66-4449-AA0D-53B4D84C232F}.Release|Any CPU.ActiveCfg = Release|Any CPU
		{C06ECA45-2E66-4449-AA0D-53B4D84C232F}.Release|Any CPU.Build.0 = Release|Any CPU
		{B5036916-8CF3-45AD-8E88-1E1BA69F8331}.Debug|Any CPU.ActiveCfg = Debug|Any CPU
		{B5036916-8CF3-45AD-8E88-1E1BA69F8331}.Debug|Any CPU.Build.0 = Debug|Any CPU
		{B5036916-8CF3-45AD-8E88-1E1BA69F8331}.Release|Any CPU.ActiveCfg = Release|Any CPU
		{B5036916-8CF3-45AD-8E88-1E1BA69F8331}.Release|Any CPU.Build.0 = Release|Any CPU
		{C941EC53-7509-47B0-917B-61F7FF0B1B95}.Debug|Any CPU.ActiveCfg = Debug|Any CPU
		{C941EC53-7509-47B0-917B-61F7FF0B1B95}.Debug|Any CPU.Build.0 = Debug|Any CPU
		{C941EC53-7509-47B0-917B-61F7FF0B1B95}.Release|Any CPU.ActiveCfg = Release|Any CPU
		{C941EC53-7509-47B0-917B-61F7FF0B1B95}.Release|Any CPU.Build.0 = Release|Any CPU
	EndGlobalSection
	GlobalSection(SolutionProperties) = preSolution
		HideSolutionNode = FALSE
	EndGlobalSection
	GlobalSection(ExtensibilityGlobals) = postSolution
		SolutionGuid = {66E06708-94A3-4537-86AD-3B59F73579FB}
	EndGlobalSection
EndGlobal
