
Microsoft Visual Studio Solution File, Format Version 12.00
# Visual Studio Version 17
VisualStudioVersion = 17.2.32630.192
MinimumVisualStudioVersion = 10.0.40219.1
Project("{9A19103F-16F7-4668-BE54-9A1E7A4F7556}") = "R5T.L0041", "R5T.L0041\R5T.L0041.csproj", "{1944615C-B910-4E1B-88CB-A30DBD7E3D4D}"
EndProject
Global
	GlobalSection(SolutionConfigurationPlatforms) = preSolution
		Debug|Any CPU = Debug|Any CPU
		Release|Any CPU = Release|Any CPU
	EndGlobalSection
	GlobalSection(ProjectConfigurationPlatforms) = postSolution
		{1944615C-B910-4E1B-88CB-A30DBD7E3D4D}.Debug|Any CPU.ActiveCfg = Debug|Any CPU
		{1944615C-B910-4E1B-88CB-A30DBD7E3D4D}.Debug|Any CPU.Build.0 = Debug|Any CPU
		{1944615C-B910-4E1B-88CB-A30DBD7E3D4D}.Release|Any CPU.ActiveCfg = Release|Any CPU
		{1944615C-B910-4E1B-88CB-A30DBD7E3D4D}.Release|Any CPU.Build.0 = Release|Any CPU
	EndGlobalSection
	GlobalSection(SolutionProperties) = preSolution
		HideSolutionNode = FALSE
	EndGlobalSection
	GlobalSection(ExtensibilityGlobals) = postSolution
		SolutionGuid = {77E799C2-8D38-4EA0-A6BA-18B4317C359E}
	EndGlobalSection
EndGlobal
